
Microsoft Visual Studio Solution File, Format Version 12.00
# Visual Studio 14
VisualStudioVersion = 14.0.22512.0
MinimumVisualStudioVersion = 10.0.40219.1
Project("{FAE04EC0-301F-11D3-BF4B-00C04F79EFBC}") = "Aardvark.Base", "Aardvark.Base\Aardvark.Base.csproj", "{377DA721-C821-45F6-B803-9C8724C7B37F}"
EndProject
Project("{FAE04EC0-301F-11D3-BF4B-00C04F79EFBC}") = "CodeGenerator", "CodeGenerator\CodeGenerator.csproj", "{DBBA6EE4-D166-4391-9AB9-C97B56500BBB}"
EndProject
Project("{F2A71F9B-5D33-465A-A702-920D77279786}") = "Aardvark.Base.FSharp", "Aardvark.Base.FSharp\Aardvark.Base.FSharp.fsproj", "{692A3617-719B-4EA2-ABC1-407AE20094AE}"
EndProject
Project("{F2A71F9B-5D33-465A-A702-920D77279786}") = "Aardvark.Base.TypeProviders", "Aardvark.Base.TypeProviders\Aardvark.Base.TypeProviders.fsproj", "{8BFEA4EF-BF0A-4C1A-B7AC-CBDD930306FD}"
EndProject
Project("{FAE04EC0-301F-11D3-BF4B-00C04F79EFBC}") = "Aardvark.Base.Essentials", "Aardvark.Base.Essentials\Aardvark.Base.Essentials.csproj", "{7FEF0693-EFC3-4B85-8F42-933B25F353A8}"
EndProject
Project("{F2A71F9B-5D33-465A-A702-920D77279786}") = "Aardvark.Base.Incremental", "Aardvark.Base.Incremental\Aardvark.Base.Incremental.fsproj", "{9623AE28-1F72-46E9-A3A7-85FC1A321A73}"
EndProject
Project("{FAE04EC0-301F-11D3-BF4B-00C04F79EFBC}") = "Aardvark.Data.Vrml97", "Aardvark.Data.Vrml97\Aardvark.Data.Vrml97.csproj", "{34A6B456-74A5-4EC6-A6CA-4100E2282A92}"
EndProject
Global
	GlobalSection(SolutionConfigurationPlatforms) = preSolution
		Debug|Any CPU = Debug|Any CPU
		Release|Any CPU = Release|Any CPU
	EndGlobalSection
	GlobalSection(ProjectConfigurationPlatforms) = postSolution
		{377DA721-C821-45F6-B803-9C8724C7B37F}.Debug|Any CPU.ActiveCfg = Debug|Any CPU
		{377DA721-C821-45F6-B803-9C8724C7B37F}.Debug|Any CPU.Build.0 = Debug|Any CPU
		{377DA721-C821-45F6-B803-9C8724C7B37F}.Release|Any CPU.ActiveCfg = Release|Any CPU
		{377DA721-C821-45F6-B803-9C8724C7B37F}.Release|Any CPU.Build.0 = Release|Any CPU
		{DBBA6EE4-D166-4391-9AB9-C97B56500BBB}.Debug|Any CPU.ActiveCfg = Debug|Any CPU
		{DBBA6EE4-D166-4391-9AB9-C97B56500BBB}.Debug|Any CPU.Build.0 = Debug|Any CPU
		{DBBA6EE4-D166-4391-9AB9-C97B56500BBB}.Release|Any CPU.ActiveCfg = Release|Any CPU
		{DBBA6EE4-D166-4391-9AB9-C97B56500BBB}.Release|Any CPU.Build.0 = Release|Any CPU
		{692A3617-719B-4EA2-ABC1-407AE20094AE}.Debug|Any CPU.ActiveCfg = Debug|Any CPU
		{692A3617-719B-4EA2-ABC1-407AE20094AE}.Debug|Any CPU.Build.0 = Debug|Any CPU
		{692A3617-719B-4EA2-ABC1-407AE20094AE}.Release|Any CPU.ActiveCfg = Release|Any CPU
		{692A3617-719B-4EA2-ABC1-407AE20094AE}.Release|Any CPU.Build.0 = Release|Any CPU
		{8BFEA4EF-BF0A-4C1A-B7AC-CBDD930306FD}.Debug|Any CPU.ActiveCfg = Debug|Any CPU
		{8BFEA4EF-BF0A-4C1A-B7AC-CBDD930306FD}.Debug|Any CPU.Build.0 = Debug|Any CPU
		{8BFEA4EF-BF0A-4C1A-B7AC-CBDD930306FD}.Release|Any CPU.ActiveCfg = Release|Any CPU
		{8BFEA4EF-BF0A-4C1A-B7AC-CBDD930306FD}.Release|Any CPU.Build.0 = Release|Any CPU
		{7FEF0693-EFC3-4B85-8F42-933B25F353A8}.Debug|Any CPU.ActiveCfg = Debug|Any CPU
		{7FEF0693-EFC3-4B85-8F42-933B25F353A8}.Debug|Any CPU.Build.0 = Debug|Any CPU
		{7FEF0693-EFC3-4B85-8F42-933B25F353A8}.Release|Any CPU.ActiveCfg = Release|Any CPU
		{7FEF0693-EFC3-4B85-8F42-933B25F353A8}.Release|Any CPU.Build.0 = Release|Any CPU
		{9623AE28-1F72-46E9-A3A7-85FC1A321A73}.Debug|Any CPU.ActiveCfg = Debug|Any CPU
		{9623AE28-1F72-46E9-A3A7-85FC1A321A73}.Debug|Any CPU.Build.0 = Debug|Any CPU
		{9623AE28-1F72-46E9-A3A7-85FC1A321A73}.Release|Any CPU.ActiveCfg = Release|Any CPU
		{9623AE28-1F72-46E9-A3A7-85FC1A321A73}.Release|Any CPU.Build.0 = Release|Any CPU
		{34A6B456-74A5-4EC6-A6CA-4100E2282A92}.Debug|Any CPU.ActiveCfg = Debug|Any CPU
		{34A6B456-74A5-4EC6-A6CA-4100E2282A92}.Debug|Any CPU.Build.0 = Debug|Any CPU
		{34A6B456-74A5-4EC6-A6CA-4100E2282A92}.Release|Any CPU.ActiveCfg = Release|Any CPU
		{34A6B456-74A5-4EC6-A6CA-4100E2282A92}.Release|Any CPU.Build.0 = Release|Any CPU
	EndGlobalSection
	GlobalSection(SolutionProperties) = preSolution
		HideSolutionNode = FALSE
	EndGlobalSection
EndGlobal
