
Microsoft Visual Studio Solution File, Format Version 12.00
# Visual Studio Version 17
VisualStudioVersion = 17.2.32526.322
MinimumVisualStudioVersion = 10.0.40219.1
Project("{6EC3EE1D-3C4E-46DD-8F32-0CC8E7565705}") = "Aardvark.Base.FSharp", "Aardvark.Base.FSharp\Aardvark.Base.FSharp.fsproj", "{692A3617-719B-4EA2-ABC1-407AE20094AE}"
EndProject
Project("{6EC3EE1D-3C4E-46DD-8F32-0CC8E7565705}") = "Aardvark.Base.Incremental", "Aardvark.Base.Incremental\Aardvark.Base.Incremental.fsproj", "{9623AE28-1F72-46E9-A3A7-85FC1A321A73}"
EndProject
Project("{2150E333-8FDC-42A3-9474-1A3956D46DE8}") = "Demo", "Demo", "{864A9013-93AC-4073-BB2A-348CE1B00010}"
EndProject
Project("{9A19103F-16F7-4668-BE54-9A1E7A4F7556}") = "IncrementalDemo.CSharp", "Demo\IncrementalDemo.CSharp\IncrementalDemo.CSharp.csproj", "{4BFAAF2F-BB67-471E-A956-F533F13EA643}"
EndProject
Project("{9A19103F-16F7-4668-BE54-9A1E7A4F7556}") = "Aardvark.Base.Tests", "Tests\Aardvark.Base.Tests\Aardvark.Base.Tests.csproj", "{90054DAF-8E70-467A-AF80-3B06EEC527F5}"
EndProject
Project("{2150E333-8FDC-42A3-9474-1A3956D46DE8}") = "Tests", "Tests", "{A79411F9-60B3-46C8-8981-6905D9B9F74C}"
EndProject
Project("{9A19103F-16F7-4668-BE54-9A1E7A4F7556}") = "PixImageDemo", "Demo\PixImageDemo\PixImageDemo.csproj", "{B4F29FFC-FBA2-4222-AD47-B12B962A14B0}"
EndProject
Project("{6EC3EE1D-3C4E-46DD-8F32-0CC8E7565705}") = "Aardvark.Base.FSharp.Tests", "Tests\Aardvark.Base.FSharp.Tests\Aardvark.Base.FSharp.Tests.fsproj", "{1B4BEB6E-96A1-4B86-9AC5-F9F5824382AE}"
EndProject
Project("{6EC3EE1D-3C4E-46DD-8F32-0CC8E7565705}") = "Aardvark.Base.Runtime", "Aardvark.Base.Runtime\Aardvark.Base.Runtime.fsproj", "{04E146C2-1C4C-432F-922C-351D0F4CED67}"
EndProject
Project("{6EC3EE1D-3C4E-46DD-8F32-0CC8E7565705}") = "Aardvark.Base.Runtime.Tests", "Tests\Aardvark.Base.Runtime.Tests\Aardvark.Base.Runtime.Tests.fsproj", "{CE9B55FF-2D3E-4E13-BA0A-69FD82F0B29B}"
EndProject
Project("{6EC3EE1D-3C4E-46DD-8F32-0CC8E7565705}") = "Aardvark.Geometry", "Aardvark.Geometry\Aardvark.Geometry.fsproj", "{97F4D5BB-9F48-454B-B6A5-536AE172CE50}"
EndProject
Project("{9A19103F-16F7-4668-BE54-9A1E7A4F7556}") = "Aardvark.Base.IO", "Aardvark.Base.IO\Aardvark.Base.IO.csproj", "{C2C8BA0D-992B-4BA7-8A6A-EA7A3207BBE6}"
EndProject
Project("{2150E333-8FDC-42A3-9474-1A3956D46DE8}") = ".NetStandard", ".NetStandard", "{C557CE9D-81EE-4EB3-AB94-B9F9CB2FA19A}"
EndProject
Project("{9A19103F-16F7-4668-BE54-9A1E7A4F7556}") = "CodeGenerator", "CodeGenerator\CodeGenerator.csproj", "{4B4A0898-4429-4E39-A916-50A0DE8E74E6}"
EndProject
Project("{9A19103F-16F7-4668-BE54-9A1E7A4F7556}") = "Aardvark.PixImage.SystemDrawing", "Aardvark.PixImage.SystemDrawing\Aardvark.PixImage.SystemDrawing.csproj", "{599BA682-70EF-4D1E-A4C1-A36359482F87}"
EndProject
Project("{9A19103F-16F7-4668-BE54-9A1E7A4F7556}") = "Aardvark.Base", "Aardvark.Base\Aardvark.Base.csproj", "{C90C041E-E076-4BBC-BBCD-B29367F649A2}"
EndProject
Project("{9A19103F-16F7-4668-BE54-9A1E7A4F7556}") = "Aardvark.Data.Vrml97", "Aardvark.Data.Vrml97\Aardvark.Data.Vrml97.csproj", "{C47CFAA4-9867-4FED-AE44-D31ACF7A4A9F}"
EndProject
Project("{9A19103F-16F7-4668-BE54-9A1E7A4F7556}") = "Aardvark.Base.Essentials", "Aardvark.Base.Essentials\Aardvark.Base.Essentials.csproj", "{2E887670-5BC3-44FA-97A3-389917B27BEB}"
EndProject
Project("{9A19103F-16F7-4668-BE54-9A1E7A4F7556}") = "ExamplesCSharp", "Demo\ExamplesCSharp\ExamplesCSharp.csproj", "{6C6850B4-FDE7-4D75-9113-DCF9779145A6}"
EndProject
Project("{6EC3EE1D-3C4E-46DD-8F32-0CC8E7565705}") = "Scratch", "Demo\Scratch\Scratch.fsproj", "{39EC0F23-19DF-46FD-8273-E931D26B7209}"
EndProject
Project("{9A19103F-16F7-4668-BE54-9A1E7A4F7556}") = "Aardvark.Base.Telemetry", "Aardvark.Base.Telemetry\Aardvark.Base.Telemetry.csproj", "{B1593A50-6412-401F-AC89-433F426A8FD5}"
EndProject
Project("{6EC3EE1D-3C4E-46DD-8F32-0CC8E7565705}") = "CoreTest", "Demo\CoreTest\CoreTest.fsproj", "{0EC60544-E12C-4400-BB89-BCAF059A5FBD}"
EndProject
Project("{9A19103F-16F7-4668-BE54-9A1E7A4F7556}") = "RandomSampleDemo", "Demo\RandomSampleDemo\RandomSampleDemo.csproj", "{ED85304F-6D46-409B-AD2F-175522A54444}"
EndProject
Project("{6EC3EE1D-3C4E-46DD-8F32-0CC8E7565705}") = "Aardvark.Geometry.Tests", "Tests\Aardvark.Geometry.Tests\Aardvark.Geometry.Tests.fsproj", "{EE0834BA-89F1-4099-8FAD-CC31AA8914E9}"
EndProject
Project("{9A19103F-16F7-4668-BE54-9A1E7A4F7556}") = "Aardvark.Base.Benchmarks", "Tests\Aardvark.Base.Benchmarks\Aardvark.Base.Benchmarks.csproj", "{99C82F36-74DE-4ED1-B9D5-CE044FC517AC}"
EndProject
Project("{9A19103F-16F7-4668-BE54-9A1E7A4F7556}") = "Aardvark.Base.Tensors.CSharp", "Aardvark.Base.Tensors.CSharp\Aardvark.Base.Tensors.CSharp.csproj", "{06739A61-1B1C-4FC3-8DEF-926B10FACB28}"
EndProject
Project("{6EC3EE1D-3C4E-46DD-8F32-0CC8E7565705}") = "Aardvark.Base.Tensors", "Aardvark.Base.Tensors\Aardvark.Base.Tensors.fsproj", "{FBB17215-CDCE-4FFA-B10A-EA1B320C8638}"
EndProject
Project("{9A19103F-16F7-4668-BE54-9A1E7A4F7556}") = "Aardvark.PixImage.DevIL", "Aardvark.PixImage.DevIL\Aardvark.PixImage.DevIL.csproj", "{670261E9-9898-4275-B5C0-D2AB605AF450}"
EndProject
Project("{6EC3EE1D-3C4E-46DD-8F32-0CC8E7565705}") = "Aardvark.Base.FSharp.Benchmarks", "Tests\Aardvark.Base.FSharp.Benchmarks\Aardvark.Base.FSharp.Benchmarks.fsproj", "{F278A2F7-52FF-40CD-B16D-4D82F7DFA8C3}"
EndProject
Project("{9A19103F-16F7-4668-BE54-9A1E7A4F7556}") = "Aardvark.PixImage.WindowsMedia", "Aardvark.PixImage.WindowsMedia\Aardvark.PixImage.WindowsMedia.csproj", "{02533034-24CF-4065-B7D3-A10A4CE0FC81}"
EndProject
Project("{F2A71F9B-5D33-465A-A702-920D77279786}") = "Aardvark.Base.Windows.Tests", "Tests\Aardvark.Base.Windows.Tests\Aardvark.Base.Windows.Tests.fsproj", "{CE56CD59-C199-457C-9C6D-9D19D45F3940}"
EndProject
Global
	GlobalSection(SolutionConfigurationPlatforms) = preSolution
		Debug|Any CPU = Debug|Any CPU
		Release|Any CPU = Release|Any CPU
	EndGlobalSection
	GlobalSection(ProjectConfigurationPlatforms) = postSolution
		{692A3617-719B-4EA2-ABC1-407AE20094AE}.Debug|Any CPU.ActiveCfg = Debug|Any CPU
		{692A3617-719B-4EA2-ABC1-407AE20094AE}.Debug|Any CPU.Build.0 = Debug|Any CPU
		{692A3617-719B-4EA2-ABC1-407AE20094AE}.Release|Any CPU.ActiveCfg = Release|Any CPU
		{692A3617-719B-4EA2-ABC1-407AE20094AE}.Release|Any CPU.Build.0 = Release|Any CPU
		{9623AE28-1F72-46E9-A3A7-85FC1A321A73}.Debug|Any CPU.ActiveCfg = Debug|Any CPU
		{9623AE28-1F72-46E9-A3A7-85FC1A321A73}.Debug|Any CPU.Build.0 = Debug|Any CPU
		{9623AE28-1F72-46E9-A3A7-85FC1A321A73}.Release|Any CPU.ActiveCfg = Release|Any CPU
		{9623AE28-1F72-46E9-A3A7-85FC1A321A73}.Release|Any CPU.Build.0 = Release|Any CPU
		{4BFAAF2F-BB67-471E-A956-F533F13EA643}.Debug|Any CPU.ActiveCfg = Debug|Any CPU
		{4BFAAF2F-BB67-471E-A956-F533F13EA643}.Debug|Any CPU.Build.0 = Debug|Any CPU
		{4BFAAF2F-BB67-471E-A956-F533F13EA643}.Release|Any CPU.ActiveCfg = Release|Any CPU
		{4BFAAF2F-BB67-471E-A956-F533F13EA643}.Release|Any CPU.Build.0 = Release|Any CPU
		{90054DAF-8E70-467A-AF80-3B06EEC527F5}.Debug|Any CPU.ActiveCfg = Debug|Any CPU
		{90054DAF-8E70-467A-AF80-3B06EEC527F5}.Debug|Any CPU.Build.0 = Debug|Any CPU
		{90054DAF-8E70-467A-AF80-3B06EEC527F5}.Release|Any CPU.ActiveCfg = Release|Any CPU
		{90054DAF-8E70-467A-AF80-3B06EEC527F5}.Release|Any CPU.Build.0 = Release|Any CPU
		{B4F29FFC-FBA2-4222-AD47-B12B962A14B0}.Debug|Any CPU.ActiveCfg = Debug|Any CPU
		{B4F29FFC-FBA2-4222-AD47-B12B962A14B0}.Debug|Any CPU.Build.0 = Debug|Any CPU
		{B4F29FFC-FBA2-4222-AD47-B12B962A14B0}.Release|Any CPU.ActiveCfg = Release|Any CPU
		{B4F29FFC-FBA2-4222-AD47-B12B962A14B0}.Release|Any CPU.Build.0 = Release|Any CPU
		{1B4BEB6E-96A1-4B86-9AC5-F9F5824382AE}.Debug|Any CPU.ActiveCfg = Debug|Any CPU
		{1B4BEB6E-96A1-4B86-9AC5-F9F5824382AE}.Debug|Any CPU.Build.0 = Debug|Any CPU
		{1B4BEB6E-96A1-4B86-9AC5-F9F5824382AE}.Release|Any CPU.ActiveCfg = Release|Any CPU
		{1B4BEB6E-96A1-4B86-9AC5-F9F5824382AE}.Release|Any CPU.Build.0 = Release|Any CPU
		{04E146C2-1C4C-432F-922C-351D0F4CED67}.Debug|Any CPU.ActiveCfg = Debug|Any CPU
		{04E146C2-1C4C-432F-922C-351D0F4CED67}.Debug|Any CPU.Build.0 = Debug|Any CPU
		{04E146C2-1C4C-432F-922C-351D0F4CED67}.Release|Any CPU.ActiveCfg = Release|Any CPU
		{04E146C2-1C4C-432F-922C-351D0F4CED67}.Release|Any CPU.Build.0 = Release|Any CPU
		{CE9B55FF-2D3E-4E13-BA0A-69FD82F0B29B}.Debug|Any CPU.ActiveCfg = Debug|Any CPU
		{CE9B55FF-2D3E-4E13-BA0A-69FD82F0B29B}.Debug|Any CPU.Build.0 = Debug|Any CPU
		{CE9B55FF-2D3E-4E13-BA0A-69FD82F0B29B}.Release|Any CPU.ActiveCfg = Release|Any CPU
		{CE9B55FF-2D3E-4E13-BA0A-69FD82F0B29B}.Release|Any CPU.Build.0 = Release|Any CPU
		{97F4D5BB-9F48-454B-B6A5-536AE172CE50}.Debug|Any CPU.ActiveCfg = Debug|Any CPU
		{97F4D5BB-9F48-454B-B6A5-536AE172CE50}.Debug|Any CPU.Build.0 = Debug|Any CPU
		{97F4D5BB-9F48-454B-B6A5-536AE172CE50}.Release|Any CPU.ActiveCfg = Release|Any CPU
		{97F4D5BB-9F48-454B-B6A5-536AE172CE50}.Release|Any CPU.Build.0 = Release|Any CPU
		{C2C8BA0D-992B-4BA7-8A6A-EA7A3207BBE6}.Debug|Any CPU.ActiveCfg = Debug|Any CPU
		{C2C8BA0D-992B-4BA7-8A6A-EA7A3207BBE6}.Debug|Any CPU.Build.0 = Debug|Any CPU
		{C2C8BA0D-992B-4BA7-8A6A-EA7A3207BBE6}.Release|Any CPU.ActiveCfg = Release|Any CPU
		{C2C8BA0D-992B-4BA7-8A6A-EA7A3207BBE6}.Release|Any CPU.Build.0 = Release|Any CPU
		{4B4A0898-4429-4E39-A916-50A0DE8E74E6}.Debug|Any CPU.ActiveCfg = Debug|Any CPU
		{4B4A0898-4429-4E39-A916-50A0DE8E74E6}.Debug|Any CPU.Build.0 = Debug|Any CPU
		{4B4A0898-4429-4E39-A916-50A0DE8E74E6}.Release|Any CPU.ActiveCfg = Release|Any CPU
		{4B4A0898-4429-4E39-A916-50A0DE8E74E6}.Release|Any CPU.Build.0 = Release|Any CPU
		{599BA682-70EF-4D1E-A4C1-A36359482F87}.Debug|Any CPU.ActiveCfg = Debug|Any CPU
		{599BA682-70EF-4D1E-A4C1-A36359482F87}.Debug|Any CPU.Build.0 = Debug|Any CPU
		{599BA682-70EF-4D1E-A4C1-A36359482F87}.Release|Any CPU.ActiveCfg = Release|Any CPU
		{599BA682-70EF-4D1E-A4C1-A36359482F87}.Release|Any CPU.Build.0 = Release|Any CPU
		{C90C041E-E076-4BBC-BBCD-B29367F649A2}.Debug|Any CPU.ActiveCfg = Debug|Any CPU
		{C90C041E-E076-4BBC-BBCD-B29367F649A2}.Debug|Any CPU.Build.0 = Debug|Any CPU
		{C90C041E-E076-4BBC-BBCD-B29367F649A2}.Release|Any CPU.ActiveCfg = Release|Any CPU
		{C90C041E-E076-4BBC-BBCD-B29367F649A2}.Release|Any CPU.Build.0 = Release|Any CPU
		{C47CFAA4-9867-4FED-AE44-D31ACF7A4A9F}.Debug|Any CPU.ActiveCfg = Debug|Any CPU
		{C47CFAA4-9867-4FED-AE44-D31ACF7A4A9F}.Debug|Any CPU.Build.0 = Debug|Any CPU
		{C47CFAA4-9867-4FED-AE44-D31ACF7A4A9F}.Release|Any CPU.ActiveCfg = Release|Any CPU
		{C47CFAA4-9867-4FED-AE44-D31ACF7A4A9F}.Release|Any CPU.Build.0 = Release|Any CPU
		{2E887670-5BC3-44FA-97A3-389917B27BEB}.Debug|Any CPU.ActiveCfg = Debug|Any CPU
		{2E887670-5BC3-44FA-97A3-389917B27BEB}.Debug|Any CPU.Build.0 = Debug|Any CPU
		{2E887670-5BC3-44FA-97A3-389917B27BEB}.Release|Any CPU.ActiveCfg = Release|Any CPU
		{2E887670-5BC3-44FA-97A3-389917B27BEB}.Release|Any CPU.Build.0 = Release|Any CPU
		{6C6850B4-FDE7-4D75-9113-DCF9779145A6}.Debug|Any CPU.ActiveCfg = Debug|Any CPU
		{6C6850B4-FDE7-4D75-9113-DCF9779145A6}.Debug|Any CPU.Build.0 = Debug|Any CPU
		{6C6850B4-FDE7-4D75-9113-DCF9779145A6}.Release|Any CPU.ActiveCfg = Release|Any CPU
		{6C6850B4-FDE7-4D75-9113-DCF9779145A6}.Release|Any CPU.Build.0 = Release|Any CPU
		{39EC0F23-19DF-46FD-8273-E931D26B7209}.Debug|Any CPU.ActiveCfg = Debug|Any CPU
		{39EC0F23-19DF-46FD-8273-E931D26B7209}.Debug|Any CPU.Build.0 = Debug|Any CPU
		{39EC0F23-19DF-46FD-8273-E931D26B7209}.Release|Any CPU.ActiveCfg = Release|Any CPU
		{39EC0F23-19DF-46FD-8273-E931D26B7209}.Release|Any CPU.Build.0 = Release|Any CPU
		{B1593A50-6412-401F-AC89-433F426A8FD5}.Debug|Any CPU.ActiveCfg = Debug|Any CPU
		{B1593A50-6412-401F-AC89-433F426A8FD5}.Debug|Any CPU.Build.0 = Debug|Any CPU
		{B1593A50-6412-401F-AC89-433F426A8FD5}.Release|Any CPU.ActiveCfg = Release|Any CPU
		{B1593A50-6412-401F-AC89-433F426A8FD5}.Release|Any CPU.Build.0 = Release|Any CPU
		{0EC60544-E12C-4400-BB89-BCAF059A5FBD}.Debug|Any CPU.ActiveCfg = Debug|Any CPU
		{0EC60544-E12C-4400-BB89-BCAF059A5FBD}.Debug|Any CPU.Build.0 = Debug|Any CPU
		{0EC60544-E12C-4400-BB89-BCAF059A5FBD}.Release|Any CPU.ActiveCfg = Release|Any CPU
		{0EC60544-E12C-4400-BB89-BCAF059A5FBD}.Release|Any CPU.Build.0 = Release|Any CPU
		{ED85304F-6D46-409B-AD2F-175522A54444}.Debug|Any CPU.ActiveCfg = Debug|Any CPU
		{ED85304F-6D46-409B-AD2F-175522A54444}.Debug|Any CPU.Build.0 = Debug|Any CPU
		{ED85304F-6D46-409B-AD2F-175522A54444}.Release|Any CPU.ActiveCfg = Release|Any CPU
		{ED85304F-6D46-409B-AD2F-175522A54444}.Release|Any CPU.Build.0 = Release|Any CPU
		{EE0834BA-89F1-4099-8FAD-CC31AA8914E9}.Debug|Any CPU.ActiveCfg = Debug|Any CPU
		{EE0834BA-89F1-4099-8FAD-CC31AA8914E9}.Debug|Any CPU.Build.0 = Debug|Any CPU
		{EE0834BA-89F1-4099-8FAD-CC31AA8914E9}.Release|Any CPU.ActiveCfg = Release|Any CPU
		{EE0834BA-89F1-4099-8FAD-CC31AA8914E9}.Release|Any CPU.Build.0 = Release|Any CPU
		{99C82F36-74DE-4ED1-B9D5-CE044FC517AC}.Debug|Any CPU.ActiveCfg = Debug|Any CPU
		{99C82F36-74DE-4ED1-B9D5-CE044FC517AC}.Debug|Any CPU.Build.0 = Debug|Any CPU
		{99C82F36-74DE-4ED1-B9D5-CE044FC517AC}.Release|Any CPU.ActiveCfg = Release|Any CPU
		{99C82F36-74DE-4ED1-B9D5-CE044FC517AC}.Release|Any CPU.Build.0 = Release|Any CPU
		{06739A61-1B1C-4FC3-8DEF-926B10FACB28}.Debug|Any CPU.ActiveCfg = Debug|Any CPU
		{06739A61-1B1C-4FC3-8DEF-926B10FACB28}.Debug|Any CPU.Build.0 = Debug|Any CPU
		{06739A61-1B1C-4FC3-8DEF-926B10FACB28}.Release|Any CPU.ActiveCfg = Release|Any CPU
		{06739A61-1B1C-4FC3-8DEF-926B10FACB28}.Release|Any CPU.Build.0 = Release|Any CPU
		{FBB17215-CDCE-4FFA-B10A-EA1B320C8638}.Debug|Any CPU.ActiveCfg = Debug|Any CPU
		{FBB17215-CDCE-4FFA-B10A-EA1B320C8638}.Debug|Any CPU.Build.0 = Debug|Any CPU
		{FBB17215-CDCE-4FFA-B10A-EA1B320C8638}.Release|Any CPU.ActiveCfg = Release|Any CPU
		{FBB17215-CDCE-4FFA-B10A-EA1B320C8638}.Release|Any CPU.Build.0 = Release|Any CPU
		{670261E9-9898-4275-B5C0-D2AB605AF450}.Debug|Any CPU.ActiveCfg = Debug|Any CPU
		{670261E9-9898-4275-B5C0-D2AB605AF450}.Debug|Any CPU.Build.0 = Debug|Any CPU
		{670261E9-9898-4275-B5C0-D2AB605AF450}.Release|Any CPU.ActiveCfg = Release|Any CPU
		{670261E9-9898-4275-B5C0-D2AB605AF450}.Release|Any CPU.Build.0 = Release|Any CPU
		{F278A2F7-52FF-40CD-B16D-4D82F7DFA8C3}.Debug|Any CPU.ActiveCfg = Debug|Any CPU
		{F278A2F7-52FF-40CD-B16D-4D82F7DFA8C3}.Debug|Any CPU.Build.0 = Debug|Any CPU
		{F278A2F7-52FF-40CD-B16D-4D82F7DFA8C3}.Release|Any CPU.ActiveCfg = Release|Any CPU
		{F278A2F7-52FF-40CD-B16D-4D82F7DFA8C3}.Release|Any CPU.Build.0 = Release|Any CPU
		{02533034-24CF-4065-B7D3-A10A4CE0FC81}.Debug|Any CPU.ActiveCfg = Debug|Any CPU
		{02533034-24CF-4065-B7D3-A10A4CE0FC81}.Debug|Any CPU.Build.0 = Debug|Any CPU
		{02533034-24CF-4065-B7D3-A10A4CE0FC81}.Release|Any CPU.ActiveCfg = Release|Any CPU
		{02533034-24CF-4065-B7D3-A10A4CE0FC81}.Release|Any CPU.Build.0 = Release|Any CPU
		{CE56CD59-C199-457C-9C6D-9D19D45F3940}.Debug|Any CPU.ActiveCfg = Debug|Any CPU
		{CE56CD59-C199-457C-9C6D-9D19D45F3940}.Debug|Any CPU.Build.0 = Debug|Any CPU
		{CE56CD59-C199-457C-9C6D-9D19D45F3940}.Release|Any CPU.ActiveCfg = Release|Any CPU
		{CE56CD59-C199-457C-9C6D-9D19D45F3940}.Release|Any CPU.Build.0 = Release|Any CPU
	EndGlobalSection
	GlobalSection(SolutionProperties) = preSolution
		HideSolutionNode = FALSE
	EndGlobalSection
	GlobalSection(NestedProjects) = preSolution
		{692A3617-719B-4EA2-ABC1-407AE20094AE} = {C557CE9D-81EE-4EB3-AB94-B9F9CB2FA19A}
		{9623AE28-1F72-46E9-A3A7-85FC1A321A73} = {C557CE9D-81EE-4EB3-AB94-B9F9CB2FA19A}
		{4BFAAF2F-BB67-471E-A956-F533F13EA643} = {864A9013-93AC-4073-BB2A-348CE1B00010}
		{90054DAF-8E70-467A-AF80-3B06EEC527F5} = {A79411F9-60B3-46C8-8981-6905D9B9F74C}
		{B4F29FFC-FBA2-4222-AD47-B12B962A14B0} = {864A9013-93AC-4073-BB2A-348CE1B00010}
		{1B4BEB6E-96A1-4B86-9AC5-F9F5824382AE} = {A79411F9-60B3-46C8-8981-6905D9B9F74C}
		{04E146C2-1C4C-432F-922C-351D0F4CED67} = {C557CE9D-81EE-4EB3-AB94-B9F9CB2FA19A}
		{CE9B55FF-2D3E-4E13-BA0A-69FD82F0B29B} = {A79411F9-60B3-46C8-8981-6905D9B9F74C}
		{97F4D5BB-9F48-454B-B6A5-536AE172CE50} = {C557CE9D-81EE-4EB3-AB94-B9F9CB2FA19A}
		{C2C8BA0D-992B-4BA7-8A6A-EA7A3207BBE6} = {C557CE9D-81EE-4EB3-AB94-B9F9CB2FA19A}
		{599BA682-70EF-4D1E-A4C1-A36359482F87} = {C557CE9D-81EE-4EB3-AB94-B9F9CB2FA19A}
		{C90C041E-E076-4BBC-BBCD-B29367F649A2} = {C557CE9D-81EE-4EB3-AB94-B9F9CB2FA19A}
		{C47CFAA4-9867-4FED-AE44-D31ACF7A4A9F} = {C557CE9D-81EE-4EB3-AB94-B9F9CB2FA19A}
		{2E887670-5BC3-44FA-97A3-389917B27BEB} = {C557CE9D-81EE-4EB3-AB94-B9F9CB2FA19A}
		{6C6850B4-FDE7-4D75-9113-DCF9779145A6} = {864A9013-93AC-4073-BB2A-348CE1B00010}
		{39EC0F23-19DF-46FD-8273-E931D26B7209} = {864A9013-93AC-4073-BB2A-348CE1B00010}
		{B1593A50-6412-401F-AC89-433F426A8FD5} = {C557CE9D-81EE-4EB3-AB94-B9F9CB2FA19A}
		{0EC60544-E12C-4400-BB89-BCAF059A5FBD} = {864A9013-93AC-4073-BB2A-348CE1B00010}
		{ED85304F-6D46-409B-AD2F-175522A54444} = {864A9013-93AC-4073-BB2A-348CE1B00010}
		{EE0834BA-89F1-4099-8FAD-CC31AA8914E9} = {A79411F9-60B3-46C8-8981-6905D9B9F74C}
		{99C82F36-74DE-4ED1-B9D5-CE044FC517AC} = {A79411F9-60B3-46C8-8981-6905D9B9F74C}
		{06739A61-1B1C-4FC3-8DEF-926B10FACB28} = {C557CE9D-81EE-4EB3-AB94-B9F9CB2FA19A}
		{FBB17215-CDCE-4FFA-B10A-EA1B320C8638} = {C557CE9D-81EE-4EB3-AB94-B9F9CB2FA19A}
		{670261E9-9898-4275-B5C0-D2AB605AF450} = {C557CE9D-81EE-4EB3-AB94-B9F9CB2FA19A}
		{F278A2F7-52FF-40CD-B16D-4D82F7DFA8C3} = {A79411F9-60B3-46C8-8981-6905D9B9F74C}
		{02533034-24CF-4065-B7D3-A10A4CE0FC81} = {C557CE9D-81EE-4EB3-AB94-B9F9CB2FA19A}
		{CE56CD59-C199-457C-9C6D-9D19D45F3940} = {A79411F9-60B3-46C8-8981-6905D9B9F74C}
	EndGlobalSection
	GlobalSection(ExtensibilityGlobals) = postSolution
		SolutionGuid = {1537AED0-2BB3-4EC3-B2CB-06E22C23B002}
	EndGlobalSection
EndGlobal
