
Microsoft Visual Studio Solution File, Format Version 12.00
# Visual Studio 15
VisualStudioVersion = 15.0.26730.10
MinimumVisualStudioVersion = 10.0.40219.1
Project("{FAE04EC0-301F-11D3-BF4B-00C04F79EFBC}") = "Aardvark.Base", "Aardvark.Base\Aardvark.Base.csproj", "{377DA721-C821-45F6-B803-9C8724C7B37F}"
EndProject
Project("{F2A71F9B-5D33-465A-A702-920D77279786}") = "Aardvark.Base.FSharp", "Aardvark.Base.FSharp\Aardvark.Base.FSharp.fsproj", "{692A3617-719B-4EA2-ABC1-407AE20094AE}"
EndProject
Project("{F2A71F9B-5D33-465A-A702-920D77279786}") = "Aardvark.Base.TypeProviders", "Aardvark.Base.TypeProviders\Aardvark.Base.TypeProviders.fsproj", "{8BFEA4EF-BF0A-4C1A-B7AC-CBDD930306FD}"
EndProject
Project("{FAE04EC0-301F-11D3-BF4B-00C04F79EFBC}") = "Aardvark.Base.Essentials", "Aardvark.Base.Essentials\Aardvark.Base.Essentials.csproj", "{7FEF0693-EFC3-4B85-8F42-933B25F353A8}"
EndProject
Project("{F2A71F9B-5D33-465A-A702-920D77279786}") = "Aardvark.Base.Incremental", "Aardvark.Base.Incremental\Aardvark.Base.Incremental.fsproj", "{9623AE28-1F72-46E9-A3A7-85FC1A321A73}"
EndProject
Project("{FAE04EC0-301F-11D3-BF4B-00C04F79EFBC}") = "Aardvark.Data.Vrml97", "Aardvark.Data.Vrml97\Aardvark.Data.Vrml97.csproj", "{34A6B456-74A5-4EC6-A6CA-4100E2282A92}"
EndProject
Project("{2150E333-8FDC-42A3-9474-1A3956D46DE8}") = "Demo", "Demo", "{864A9013-93AC-4073-BB2A-348CE1B00010}"
EndProject
Project("{FAE04EC0-301F-11D3-BF4B-00C04F79EFBC}") = "IncrementalDemo.CSharp", "Demo\IncrementalDemo.CSharp\IncrementalDemo.CSharp.csproj", "{4BFAAF2F-BB67-471E-A956-F533F13EA643}"
EndProject
Project("{FAE04EC0-301F-11D3-BF4B-00C04F79EFBC}") = "Aardvark.Base.Tests", "Tests\Aardvark.Base.Tests\Aardvark.Base.Tests.csproj", "{90054DAF-8E70-467A-AF80-3B06EEC527F5}"
EndProject
Project("{2150E333-8FDC-42A3-9474-1A3956D46DE8}") = "Tests", "Tests", "{A79411F9-60B3-46C8-8981-6905D9B9F74C}"
EndProject
Project("{FAE04EC0-301F-11D3-BF4B-00C04F79EFBC}") = "PixImageDemo", "Demo\PixImageDemo\PixImageDemo.csproj", "{B4F29FFC-FBA2-4222-AD47-B12B962A14B0}"
EndProject
Project("{F2A71F9B-5D33-465A-A702-920D77279786}") = "Aardvark.Base.Incremental.Tests", "Tests\Aardvark.Base.Incremental.Tests\Aardvark.Base.Incremental.Tests.fsproj", "{B5958171-888E-46A0-BEC9-00FEBA41147F}"
EndProject
Project("{F2A71F9B-5D33-465A-A702-920D77279786}") = "Aardvark.Base.FSharp.Tests", "Tests\Aardvark.Base.FSharp.Tests\Aardvark.Base.FSharp.Tests.fsproj", "{1B4BEB6E-96A1-4B86-9AC5-F9F5824382AE}"
EndProject
Project("{F2A71F9B-5D33-465A-A702-920D77279786}") = "Aardvark.Base.Runtime", "Aardvark.Base.Runtime\Aardvark.Base.Runtime.fsproj", "{04E146C2-1C4C-432F-922C-351D0F4CED67}"
EndProject
Project("{F2A71F9B-5D33-465A-A702-920D77279786}") = "Aardvark.Base.Runtime.Tests", "Tests\Aardvark.Base.Runtime.Tests\Aardvark.Base.Runtime.Tests.fsproj", "{CE9B55FF-2D3E-4E13-BA0A-69FD82F0B29B}"
EndProject
Project("{FAE04EC0-301F-11D3-BF4B-00C04F79EFBC}") = "ExamplesCSharp", "Demo\ExamplesCSharp\ExamplesCSharp.csproj", "{98DF2326-72A4-476B-A61C-B189C0A9C547}"
EndProject
Project("{F2A71F9B-5D33-465A-A702-920D77279786}") = "Scratch", "Demo\Scratch\Scratch.fsproj", "{18B625FF-C95B-4F17-8BFE-2BCCCCED0137}"
EndProject
Project("{F2A71F9B-5D33-465A-A702-920D77279786}") = "Aardvark.Geometry", "Aardvark.Geometry\Aardvark.Geometry.fsproj", "{97F4D5BB-9F48-454B-B6A5-536AE172CE50}"
EndProject
Project("{FAE04EC0-301F-11D3-BF4B-00C04F79EFBC}") = "Aardvark.Base.IO", "Aardvark.Base.IO\Aardvark.Base.IO.csproj", "{C2C8BA0D-992B-4BA7-8A6A-EA7A3207BBE6}"
EndProject
Project("{9A19103F-16F7-4668-BE54-9A1E7A4F7556}") = "Aardvark.Base.TextParser", "Aardvark.Base.TextParser\Aardvark.Base.TextParser.csproj", "{C700FC2E-B25F-4404-9F7E-391221FBEB25}"
EndProject
Project("{9A19103F-16F7-4668-BE54-9A1E7A4F7556}") = "Aardvark.Base.Symbol", "Aardvark.Base.Symbol\Aardvark.Base.Symbol.csproj", "{0D5B3E80-26BD-4D67-A4DC-0DDE84C478B6}"
EndProject
Project("{9A19103F-16F7-4668-BE54-9A1E7A4F7556}") = "Aardvark.Base.Reporting", "Aardvark.Base.Reporting\Aardvark.Base.Reporting.csproj", "{F4D5431A-43A4-4FBA-B352-421EC359D03C}"
EndProject
Project("{9A19103F-16F7-4668-BE54-9A1E7A4F7556}") = "Aardvark.Base.Telemetry", "Aardvark.Base.Telemetry\Aardvark.Base.Telemetry.csproj", "{AC2E2835-64C6-4553-A613-981D6E104437}"
EndProject
Project("{9A19103F-16F7-4668-BE54-9A1E7A4F7556}") = "Aardvark.Base.Extensions", "Aardvark.Base.Extensions\Aardvark.Base.Extensions.csproj", "{430D818A-45E4-4643-9A9F-091D3ED31BC7}"
EndProject
Project("{2150E333-8FDC-42A3-9474-1A3956D46DE8}") = ".NetStandard", ".NetStandard", "{C557CE9D-81EE-4EB3-AB94-B9F9CB2FA19A}"
EndProject
Project("{9A19103F-16F7-4668-BE54-9A1E7A4F7556}") = "Aardvark.Base.Delegates", "Aardvark.Base.Delegates\Aardvark.Base.Delegates.csproj", "{F6879D9E-0F64-4B7E-A0E9-AC005E1DA843}"
EndProject
Project("{FAE04EC0-301F-11D3-BF4B-00C04F79EFBC}") = "CodeGenerator", "CodeGenerator\CodeGenerator.csproj", "{4B4A0898-4429-4E39-A916-50A0DE8E74E6}"
EndProject
Project("{FAE04EC0-301F-11D3-BF4B-00C04F79EFBC}") = "Aardvark.Base.Tup", "Aardvark.Base.Tup\Aardvark.Base.Tup.csproj", "{E0FC963C-92E2-466F-8F38-3A12B314E394}"
EndProject
Project("{FAE04EC0-301F-11D3-BF4B-00C04F79EFBC}") = "Aardvark.Base.HashCodes", "Aardvark.Base.HashCodes\Aardvark.Base.HashCodes.csproj", "{8FC336EA-7DE8-428F-949D-3320208A5EE5}"
EndProject
Global
	GlobalSection(SolutionConfigurationPlatforms) = preSolution
		Debug|Any CPU = Debug|Any CPU
		Release|Any CPU = Release|Any CPU
	EndGlobalSection
	GlobalSection(ProjectConfigurationPlatforms) = postSolution
		{377DA721-C821-45F6-B803-9C8724C7B37F}.Debug|Any CPU.ActiveCfg = Debug|Any CPU
		{377DA721-C821-45F6-B803-9C8724C7B37F}.Debug|Any CPU.Build.0 = Debug|Any CPU
		{377DA721-C821-45F6-B803-9C8724C7B37F}.Release|Any CPU.ActiveCfg = Release|Any CPU
		{377DA721-C821-45F6-B803-9C8724C7B37F}.Release|Any CPU.Build.0 = Release|Any CPU
		{692A3617-719B-4EA2-ABC1-407AE20094AE}.Debug|Any CPU.ActiveCfg = Debug|Any CPU
		{692A3617-719B-4EA2-ABC1-407AE20094AE}.Debug|Any CPU.Build.0 = Debug|Any CPU
		{692A3617-719B-4EA2-ABC1-407AE20094AE}.Release|Any CPU.ActiveCfg = Release|Any CPU
		{692A3617-719B-4EA2-ABC1-407AE20094AE}.Release|Any CPU.Build.0 = Release|Any CPU
		{8BFEA4EF-BF0A-4C1A-B7AC-CBDD930306FD}.Debug|Any CPU.ActiveCfg = Debug|Any CPU
		{8BFEA4EF-BF0A-4C1A-B7AC-CBDD930306FD}.Debug|Any CPU.Build.0 = Debug|Any CPU
		{8BFEA4EF-BF0A-4C1A-B7AC-CBDD930306FD}.Release|Any CPU.ActiveCfg = Release|Any CPU
		{8BFEA4EF-BF0A-4C1A-B7AC-CBDD930306FD}.Release|Any CPU.Build.0 = Release|Any CPU
		{7FEF0693-EFC3-4B85-8F42-933B25F353A8}.Debug|Any CPU.ActiveCfg = Debug|Any CPU
		{7FEF0693-EFC3-4B85-8F42-933B25F353A8}.Debug|Any CPU.Build.0 = Debug|Any CPU
		{7FEF0693-EFC3-4B85-8F42-933B25F353A8}.Release|Any CPU.ActiveCfg = Release|Any CPU
		{7FEF0693-EFC3-4B85-8F42-933B25F353A8}.Release|Any CPU.Build.0 = Release|Any CPU
		{9623AE28-1F72-46E9-A3A7-85FC1A321A73}.Debug|Any CPU.ActiveCfg = Debug|Any CPU
		{9623AE28-1F72-46E9-A3A7-85FC1A321A73}.Debug|Any CPU.Build.0 = Debug|Any CPU
		{9623AE28-1F72-46E9-A3A7-85FC1A321A73}.Release|Any CPU.ActiveCfg = Release|Any CPU
		{9623AE28-1F72-46E9-A3A7-85FC1A321A73}.Release|Any CPU.Build.0 = Release|Any CPU
		{34A6B456-74A5-4EC6-A6CA-4100E2282A92}.Debug|Any CPU.ActiveCfg = Debug|Any CPU
		{34A6B456-74A5-4EC6-A6CA-4100E2282A92}.Debug|Any CPU.Build.0 = Debug|Any CPU
		{34A6B456-74A5-4EC6-A6CA-4100E2282A92}.Release|Any CPU.ActiveCfg = Release|Any CPU
		{34A6B456-74A5-4EC6-A6CA-4100E2282A92}.Release|Any CPU.Build.0 = Release|Any CPU
		{4BFAAF2F-BB67-471E-A956-F533F13EA643}.Debug|Any CPU.ActiveCfg = Debug|Any CPU
		{4BFAAF2F-BB67-471E-A956-F533F13EA643}.Debug|Any CPU.Build.0 = Debug|Any CPU
		{4BFAAF2F-BB67-471E-A956-F533F13EA643}.Release|Any CPU.ActiveCfg = Release|Any CPU
		{4BFAAF2F-BB67-471E-A956-F533F13EA643}.Release|Any CPU.Build.0 = Release|Any CPU
		{90054DAF-8E70-467A-AF80-3B06EEC527F5}.Debug|Any CPU.ActiveCfg = Debug|Any CPU
		{90054DAF-8E70-467A-AF80-3B06EEC527F5}.Debug|Any CPU.Build.0 = Debug|Any CPU
		{90054DAF-8E70-467A-AF80-3B06EEC527F5}.Release|Any CPU.ActiveCfg = Release|Any CPU
		{90054DAF-8E70-467A-AF80-3B06EEC527F5}.Release|Any CPU.Build.0 = Release|Any CPU
		{B4F29FFC-FBA2-4222-AD47-B12B962A14B0}.Debug|Any CPU.ActiveCfg = Debug|Any CPU
		{B4F29FFC-FBA2-4222-AD47-B12B962A14B0}.Debug|Any CPU.Build.0 = Debug|Any CPU
		{B4F29FFC-FBA2-4222-AD47-B12B962A14B0}.Release|Any CPU.ActiveCfg = Release|Any CPU
		{B4F29FFC-FBA2-4222-AD47-B12B962A14B0}.Release|Any CPU.Build.0 = Release|Any CPU
		{B5958171-888E-46A0-BEC9-00FEBA41147F}.Debug|Any CPU.ActiveCfg = Debug|Any CPU
		{B5958171-888E-46A0-BEC9-00FEBA41147F}.Debug|Any CPU.Build.0 = Debug|Any CPU
		{B5958171-888E-46A0-BEC9-00FEBA41147F}.Release|Any CPU.ActiveCfg = Release|Any CPU
		{B5958171-888E-46A0-BEC9-00FEBA41147F}.Release|Any CPU.Build.0 = Release|Any CPU
		{1B4BEB6E-96A1-4B86-9AC5-F9F5824382AE}.Debug|Any CPU.ActiveCfg = Debug|Any CPU
		{1B4BEB6E-96A1-4B86-9AC5-F9F5824382AE}.Debug|Any CPU.Build.0 = Debug|Any CPU
		{1B4BEB6E-96A1-4B86-9AC5-F9F5824382AE}.Release|Any CPU.ActiveCfg = Release|Any CPU
		{1B4BEB6E-96A1-4B86-9AC5-F9F5824382AE}.Release|Any CPU.Build.0 = Release|Any CPU
		{04E146C2-1C4C-432F-922C-351D0F4CED67}.Debug|Any CPU.ActiveCfg = Debug|Any CPU
		{04E146C2-1C4C-432F-922C-351D0F4CED67}.Debug|Any CPU.Build.0 = Debug|Any CPU
		{04E146C2-1C4C-432F-922C-351D0F4CED67}.Release|Any CPU.ActiveCfg = Release|Any CPU
		{04E146C2-1C4C-432F-922C-351D0F4CED67}.Release|Any CPU.Build.0 = Release|Any CPU
		{CE9B55FF-2D3E-4E13-BA0A-69FD82F0B29B}.Debug|Any CPU.ActiveCfg = Debug|Any CPU
		{CE9B55FF-2D3E-4E13-BA0A-69FD82F0B29B}.Debug|Any CPU.Build.0 = Debug|Any CPU
		{CE9B55FF-2D3E-4E13-BA0A-69FD82F0B29B}.Release|Any CPU.ActiveCfg = Release|Any CPU
		{CE9B55FF-2D3E-4E13-BA0A-69FD82F0B29B}.Release|Any CPU.Build.0 = Release|Any CPU
		{98DF2326-72A4-476B-A61C-B189C0A9C547}.Debug|Any CPU.ActiveCfg = Debug|Any CPU
		{98DF2326-72A4-476B-A61C-B189C0A9C547}.Debug|Any CPU.Build.0 = Debug|Any CPU
		{98DF2326-72A4-476B-A61C-B189C0A9C547}.Release|Any CPU.ActiveCfg = Release|Any CPU
		{98DF2326-72A4-476B-A61C-B189C0A9C547}.Release|Any CPU.Build.0 = Release|Any CPU
		{18B625FF-C95B-4F17-8BFE-2BCCCCED0137}.Debug|Any CPU.ActiveCfg = Debug|Any CPU
		{18B625FF-C95B-4F17-8BFE-2BCCCCED0137}.Debug|Any CPU.Build.0 = Debug|Any CPU
		{18B625FF-C95B-4F17-8BFE-2BCCCCED0137}.Release|Any CPU.ActiveCfg = Release|Any CPU
		{18B625FF-C95B-4F17-8BFE-2BCCCCED0137}.Release|Any CPU.Build.0 = Release|Any CPU
		{97F4D5BB-9F48-454B-B6A5-536AE172CE50}.Debug|Any CPU.ActiveCfg = Debug|Any CPU
		{97F4D5BB-9F48-454B-B6A5-536AE172CE50}.Debug|Any CPU.Build.0 = Debug|Any CPU
		{97F4D5BB-9F48-454B-B6A5-536AE172CE50}.Release|Any CPU.ActiveCfg = Release|Any CPU
		{97F4D5BB-9F48-454B-B6A5-536AE172CE50}.Release|Any CPU.Build.0 = Release|Any CPU
		{C2C8BA0D-992B-4BA7-8A6A-EA7A3207BBE6}.Debug|Any CPU.ActiveCfg = Debug|Any CPU
		{C2C8BA0D-992B-4BA7-8A6A-EA7A3207BBE6}.Debug|Any CPU.Build.0 = Debug|Any CPU
		{C2C8BA0D-992B-4BA7-8A6A-EA7A3207BBE6}.Release|Any CPU.ActiveCfg = Release|Any CPU
		{C2C8BA0D-992B-4BA7-8A6A-EA7A3207BBE6}.Release|Any CPU.Build.0 = Release|Any CPU
		{C700FC2E-B25F-4404-9F7E-391221FBEB25}.Debug|Any CPU.ActiveCfg = Debug|Any CPU
		{C700FC2E-B25F-4404-9F7E-391221FBEB25}.Debug|Any CPU.Build.0 = Debug|Any CPU
		{C700FC2E-B25F-4404-9F7E-391221FBEB25}.Release|Any CPU.ActiveCfg = Release|Any CPU
		{C700FC2E-B25F-4404-9F7E-391221FBEB25}.Release|Any CPU.Build.0 = Release|Any CPU
		{0D5B3E80-26BD-4D67-A4DC-0DDE84C478B6}.Debug|Any CPU.ActiveCfg = Debug|Any CPU
		{0D5B3E80-26BD-4D67-A4DC-0DDE84C478B6}.Debug|Any CPU.Build.0 = Debug|Any CPU
		{0D5B3E80-26BD-4D67-A4DC-0DDE84C478B6}.Release|Any CPU.ActiveCfg = Release|Any CPU
		{0D5B3E80-26BD-4D67-A4DC-0DDE84C478B6}.Release|Any CPU.Build.0 = Release|Any CPU
		{F4D5431A-43A4-4FBA-B352-421EC359D03C}.Debug|Any CPU.ActiveCfg = Debug|Any CPU
		{F4D5431A-43A4-4FBA-B352-421EC359D03C}.Debug|Any CPU.Build.0 = Debug|Any CPU
		{F4D5431A-43A4-4FBA-B352-421EC359D03C}.Release|Any CPU.ActiveCfg = Release|Any CPU
		{F4D5431A-43A4-4FBA-B352-421EC359D03C}.Release|Any CPU.Build.0 = Release|Any CPU
		{AC2E2835-64C6-4553-A613-981D6E104437}.Debug|Any CPU.ActiveCfg = Debug|Any CPU
		{AC2E2835-64C6-4553-A613-981D6E104437}.Debug|Any CPU.Build.0 = Debug|Any CPU
		{AC2E2835-64C6-4553-A613-981D6E104437}.Release|Any CPU.ActiveCfg = Release|Any CPU
		{AC2E2835-64C6-4553-A613-981D6E104437}.Release|Any CPU.Build.0 = Release|Any CPU
		{430D818A-45E4-4643-9A9F-091D3ED31BC7}.Debug|Any CPU.ActiveCfg = Debug|Any CPU
		{430D818A-45E4-4643-9A9F-091D3ED31BC7}.Debug|Any CPU.Build.0 = Debug|Any CPU
		{430D818A-45E4-4643-9A9F-091D3ED31BC7}.Release|Any CPU.ActiveCfg = Release|Any CPU
		{430D818A-45E4-4643-9A9F-091D3ED31BC7}.Release|Any CPU.Build.0 = Release|Any CPU
		{F6879D9E-0F64-4B7E-A0E9-AC005E1DA843}.Debug|Any CPU.ActiveCfg = Debug|Any CPU
		{F6879D9E-0F64-4B7E-A0E9-AC005E1DA843}.Debug|Any CPU.Build.0 = Debug|Any CPU
		{F6879D9E-0F64-4B7E-A0E9-AC005E1DA843}.Release|Any CPU.ActiveCfg = Release|Any CPU
		{F6879D9E-0F64-4B7E-A0E9-AC005E1DA843}.Release|Any CPU.Build.0 = Release|Any CPU
		{4B4A0898-4429-4E39-A916-50A0DE8E74E6}.Debug|Any CPU.ActiveCfg = Debug|Any CPU
		{4B4A0898-4429-4E39-A916-50A0DE8E74E6}.Debug|Any CPU.Build.0 = Debug|Any CPU
		{4B4A0898-4429-4E39-A916-50A0DE8E74E6}.Release|Any CPU.ActiveCfg = Release|Any CPU
		{4B4A0898-4429-4E39-A916-50A0DE8E74E6}.Release|Any CPU.Build.0 = Release|Any CPU
		{E0FC963C-92E2-466F-8F38-3A12B314E394}.Debug|Any CPU.ActiveCfg = Debug|Any CPU
		{E0FC963C-92E2-466F-8F38-3A12B314E394}.Debug|Any CPU.Build.0 = Debug|Any CPU
		{E0FC963C-92E2-466F-8F38-3A12B314E394}.Release|Any CPU.ActiveCfg = Release|Any CPU
		{E0FC963C-92E2-466F-8F38-3A12B314E394}.Release|Any CPU.Build.0 = Release|Any CPU
		{8FC336EA-7DE8-428F-949D-3320208A5EE5}.Debug|Any CPU.ActiveCfg = Debug|Any CPU
		{8FC336EA-7DE8-428F-949D-3320208A5EE5}.Debug|Any CPU.Build.0 = Debug|Any CPU
		{8FC336EA-7DE8-428F-949D-3320208A5EE5}.Release|Any CPU.ActiveCfg = Release|Any CPU
		{8FC336EA-7DE8-428F-949D-3320208A5EE5}.Release|Any CPU.Build.0 = Release|Any CPU
	EndGlobalSection
	GlobalSection(SolutionProperties) = preSolution
		HideSolutionNode = FALSE
	EndGlobalSection
	GlobalSection(NestedProjects) = preSolution
		{4BFAAF2F-BB67-471E-A956-F533F13EA643} = {864A9013-93AC-4073-BB2A-348CE1B00010}
		{90054DAF-8E70-467A-AF80-3B06EEC527F5} = {A79411F9-60B3-46C8-8981-6905D9B9F74C}
		{B4F29FFC-FBA2-4222-AD47-B12B962A14B0} = {864A9013-93AC-4073-BB2A-348CE1B00010}
		{B5958171-888E-46A0-BEC9-00FEBA41147F} = {A79411F9-60B3-46C8-8981-6905D9B9F74C}
		{1B4BEB6E-96A1-4B86-9AC5-F9F5824382AE} = {A79411F9-60B3-46C8-8981-6905D9B9F74C}
		{CE9B55FF-2D3E-4E13-BA0A-69FD82F0B29B} = {A79411F9-60B3-46C8-8981-6905D9B9F74C}
		{98DF2326-72A4-476B-A61C-B189C0A9C547} = {864A9013-93AC-4073-BB2A-348CE1B00010}
		{18B625FF-C95B-4F17-8BFE-2BCCCCED0137} = {864A9013-93AC-4073-BB2A-348CE1B00010}
		{C700FC2E-B25F-4404-9F7E-391221FBEB25} = {C557CE9D-81EE-4EB3-AB94-B9F9CB2FA19A}
		{0D5B3E80-26BD-4D67-A4DC-0DDE84C478B6} = {C557CE9D-81EE-4EB3-AB94-B9F9CB2FA19A}
		{F4D5431A-43A4-4FBA-B352-421EC359D03C} = {C557CE9D-81EE-4EB3-AB94-B9F9CB2FA19A}
		{AC2E2835-64C6-4553-A613-981D6E104437} = {C557CE9D-81EE-4EB3-AB94-B9F9CB2FA19A}
		{430D818A-45E4-4643-9A9F-091D3ED31BC7} = {C557CE9D-81EE-4EB3-AB94-B9F9CB2FA19A}
		{F6879D9E-0F64-4B7E-A0E9-AC005E1DA843} = {C557CE9D-81EE-4EB3-AB94-B9F9CB2FA19A}
		{E0FC963C-92E2-466F-8F38-3A12B314E394} = {C557CE9D-81EE-4EB3-AB94-B9F9CB2FA19A}
		{8FC336EA-7DE8-428F-949D-3320208A5EE5} = {C557CE9D-81EE-4EB3-AB94-B9F9CB2FA19A}
	EndGlobalSection
	GlobalSection(ExtensibilityGlobals) = postSolution
		SolutionGuid = {1537AED0-2BB3-4EC3-B2CB-06E22C23B002}
	EndGlobalSection
EndGlobal
